# This file is autogenerated, do not edit; changes may be undone by the next 'dep ensure'.


[[projects]]
  branch = "master"
  digest = "1:9f3a60def1a1eb5ac184e71dde43c6f99606f54d106db7c95f8b8338629a777b"
  name = "github.com/tatsushid/go-fastping"
  packages = ["."]
  pruneopts = "UT"
  revision = "d7bb493dee3e090e2ffb6914adddf17c1e7c026c"

[[projects]]
  branch = "master"
  digest = "1:0a2de7bae62d6a3a8e8e091532a8d91f60c858a3910363b6071a17d85a592cb6"
  name = "golang.org/x/net"
  packages = [
    "bpf",
    "icmp",
    "internal/iana",
    "internal/socket",
    "ipv4",
    "ipv6",
  ]
  pruneopts = "UT"
  revision = "4dfa2610cdf3b287375bbba5b8f2a14d3b01d8de"

[solve-meta]
  analyzer-name = "dep"
  analyzer-version = 1
  input-imports = ["github.com/tatsushid/go-fastping"]
  solver-name = "gps-cdcl"
  solver-version = 1
